
Microsoft Visual Studio Solution File, Format Version 12.00
# Visual Studio 15
VisualStudioVersion = 15.0.26430.15
MinimumVisualStudioVersion = 10.0.40219.1
Project("{FAE04EC0-301F-11D3-BF4B-00C04F79EFBC}") = "ContiniousDeploymentSite", "ContiniousDeploymentSite\ContiniousDeploymentSite.csproj", "{34856182-52D6-40B8-BF34-FCC78A46BBAC}"
EndProject
Global
	GlobalSection(SolutionConfigurationPlatforms) = preSolution
		Debug|Any CPU = Debug|Any CPU
		Release|Any CPU = Release|Any CPU
	EndGlobalSection
	GlobalSection(ProjectConfigurationPlatforms) = postSolution
		{34856182-52D6-40B8-BF34-FCC78A46BBAC}.Debug|Any CPU.ActiveCfg = Debug|Any CPU
		{34856182-52D6-40B8-BF34-FCC78A46BBAC}.Debug|Any CPU.Build.0 = Debug|Any CPU
		{34856182-52D6-40B8-BF34-FCC78A46BBAC}.Release|Any CPU.ActiveCfg = Release|Any CPU
		{34856182-52D6-40B8-BF34-FCC78A46BBAC}.Release|Any CPU.Build.0 = Release|Any CPU
	EndGlobalSection
	GlobalSection(SolutionProperties) = preSolution
		HideSolutionNode = FALSE
	EndGlobalSection
EndGlobal
